{
  "pins" : [
    {
      "identity" : "keyboardobserving",
      "kind" : "remoteSourceControl",
      "location" : "https://github.com/nickffox/KeyboardObserving.git",
      "state" : {
        "branch" : "master",
        "revision" : "df105a7c43a93b06492ee5832037e20c8f472b46"
      }
    },
    {
      "identity" : "keychainaccess",
      "kind" : "remoteSourceControl",
      "location" : "https://github.com/kishikawakatsumi/KeychainAccess",
      "state" : {
        "branch" : "master",
        "revision" : "6299daec1d74be12164fec090faf9ed14d0da9d6"
      }
    }
  ],
  "version" : 2
}
